
Microsoft Visual Studio Solution File, Format Version 12.00
# Visual Studio Version 17
VisualStudioVersion = 17.14.36408.4
MinimumVisualStudioVersion = 10.0.40219.1
Project("{FAE04EC0-301F-11D3-BF4B-00C04F79EFBC}") = "PaymentWorker", "PaymentWorker\PaymentWorker.csproj", "{3AE2EDB7-A231-4104-B1D0-C7678216120F}"
EndProject
Project("{FAE04EC0-301F-11D3-BF4B-00C04F79EFBC}") = "Domain", "Domain\Domain.csproj", "{507CB488-93A6-426E-9FC4-7E45AFC36C5F}"
EndProject
Project("{FAE04EC0-301F-11D3-BF4B-00C04F79EFBC}") = "Infra", "Infra\Infra.csproj", "{3BEA5974-7517-4EE9-9720-5743A8BF77C6}"
EndProject
Project("{FAE04EC0-301F-11D3-BF4B-00C04F79EFBC}") = "CrossCuting", "CrossCuting\CrossCuting.csproj", "{16AAE3EE-B83D-4D07-90C8-758E978CBCC2}"
EndProject
Project("{2150E333-8FDC-42A3-9474-1A3956D46DE8}") = "1 - Presentation", "1 - Presentation", "{02EA681E-C7D8-13C7-8484-4AC65E1B71E8}"
EndProject
Project("{2150E333-8FDC-42A3-9474-1A3956D46DE8}") = "2 - Domain", "2 - Domain", "{83D28941-A3BB-420C-BDED-20312AAB0BFB}"
EndProject
Project("{2150E333-8FDC-42A3-9474-1A3956D46DE8}") = "3 - Infra", "3 - Infra", "{580379D8-5D23-4D4D-9C9E-35698320AA3C}"
EndProject
Project("{2150E333-8FDC-42A3-9474-1A3956D46DE8}") = "4 - CrossCuting", "4 - CrossCuting", "{5CD0119A-4D55-42E4-9DEB-21218B852E42}"
EndProject
Project("{FAE04EC0-301F-11D3-BF4B-00C04F79EFBC}") = "PaymentWorkerTests", "PaymentWorkerTests\PaymentWorkerTests.csproj", "{8FFA23E7-46C9-40D3-889A-847FC5333984}"
EndProject
Project("{2150E333-8FDC-42A3-9474-1A3956D46DE8}") = "99 Tests", "99 Tests", "{252D4DE5-3D2D-47DC-8143-223EDD386F8A}"
EndProject
Project("{FAE04EC0-301F-11D3-BF4B-00C04F79EFBC}") = "DomainTests", "DomainTests\DomainTests.csproj", "{BD3811DF-D669-47A9-B07A-16081C9CE6FA}"
EndProject
Project("{FAE04EC0-301F-11D3-BF4B-00C04F79EFBC}") = "InfraTests", "InfraTests\InfraTests.csproj", "{CA53B977-808A-46F5-9F80-85404BEEF0D1}"
EndProject
Project("{FAE04EC0-301F-11D3-BF4B-00C04F79EFBC}") = "CrossCutingTests", "CrossCutingTests\CrossCutingTests.csproj", "{333B8339-9394-4387-B6DF-4D0C89641B6D}"
EndProject
Global
	GlobalSection(SolutionConfigurationPlatforms) = preSolution
		Debug|Any CPU = Debug|Any CPU
		Release|Any CPU = Release|Any CPU
	EndGlobalSection
	GlobalSection(ProjectConfigurationPlatforms) = postSolution
		{3AE2EDB7-A231-4104-B1D0-C7678216120F}.Debug|Any CPU.ActiveCfg = Debug|Any CPU
		{3AE2EDB7-A231-4104-B1D0-C7678216120F}.Debug|Any CPU.Build.0 = Debug|Any CPU
		{3AE2EDB7-A231-4104-B1D0-C7678216120F}.Release|Any CPU.ActiveCfg = Release|Any CPU
		{3AE2EDB7-A231-4104-B1D0-C7678216120F}.Release|Any CPU.Build.0 = Release|Any CPU
		{507CB488-93A6-426E-9FC4-7E45AFC36C5F}.Debug|Any CPU.ActiveCfg = Debug|Any CPU
		{507CB488-93A6-426E-9FC4-7E45AFC36C5F}.Debug|Any CPU.Build.0 = Debug|Any CPU
		{507CB488-93A6-426E-9FC4-7E45AFC36C5F}.Release|Any CPU.ActiveCfg = Release|Any CPU
		{507CB488-93A6-426E-9FC4-7E45AFC36C5F}.Release|Any CPU.Build.0 = Release|Any CPU
		{3BEA5974-7517-4EE9-9720-5743A8BF77C6}.Debug|Any CPU.ActiveCfg = Debug|Any CPU
		{3BEA5974-7517-4EE9-9720-5743A8BF77C6}.Debug|Any CPU.Build.0 = Debug|Any CPU
		{3BEA5974-7517-4EE9-9720-5743A8BF77C6}.Release|Any CPU.ActiveCfg = Release|Any CPU
		{3BEA5974-7517-4EE9-9720-5743A8BF77C6}.Release|Any CPU.Build.0 = Release|Any CPU
		{16AAE3EE-B83D-4D07-90C8-758E978CBCC2}.Debug|Any CPU.ActiveCfg = Debug|Any CPU
		{16AAE3EE-B83D-4D07-90C8-758E978CBCC2}.Debug|Any CPU.Build.0 = Debug|Any CPU
		{16AAE3EE-B83D-4D07-90C8-758E978CBCC2}.Release|Any CPU.ActiveCfg = Release|Any CPU
		{16AAE3EE-B83D-4D07-90C8-758E978CBCC2}.Release|Any CPU.Build.0 = Release|Any CPU
		{8FFA23E7-46C9-40D3-889A-847FC5333984}.Debug|Any CPU.ActiveCfg = Debug|Any CPU
		{8FFA23E7-46C9-40D3-889A-847FC5333984}.Debug|Any CPU.Build.0 = Debug|Any CPU
		{8FFA23E7-46C9-40D3-889A-847FC5333984}.Release|Any CPU.ActiveCfg = Release|Any CPU
		{8FFA23E7-46C9-40D3-889A-847FC5333984}.Release|Any CPU.Build.0 = Release|Any CPU
		{BD3811DF-D669-47A9-B07A-16081C9CE6FA}.Debug|Any CPU.ActiveCfg = Debug|Any CPU
		{BD3811DF-D669-47A9-B07A-16081C9CE6FA}.Debug|Any CPU.Build.0 = Debug|Any CPU
		{BD3811DF-D669-47A9-B07A-16081C9CE6FA}.Release|Any CPU.ActiveCfg = Release|Any CPU
		{BD3811DF-D669-47A9-B07A-16081C9CE6FA}.Release|Any CPU.Build.0 = Release|Any CPU
		{CA53B977-808A-46F5-9F80-85404BEEF0D1}.Debug|Any CPU.ActiveCfg = Debug|Any CPU
		{CA53B977-808A-46F5-9F80-85404BEEF0D1}.Debug|Any CPU.Build.0 = Debug|Any CPU
		{CA53B977-808A-46F5-9F80-85404BEEF0D1}.Release|Any CPU.ActiveCfg = Release|Any CPU
		{CA53B977-808A-46F5-9F80-85404BEEF0D1}.Release|Any CPU.Build.0 = Release|Any CPU
		{333B8339-9394-4387-B6DF-4D0C89641B6D}.Debug|Any CPU.ActiveCfg = Debug|Any CPU
		{333B8339-9394-4387-B6DF-4D0C89641B6D}.Debug|Any CPU.Build.0 = Debug|Any CPU
		{333B8339-9394-4387-B6DF-4D0C89641B6D}.Release|Any CPU.ActiveCfg = Release|Any CPU
		{333B8339-9394-4387-B6DF-4D0C89641B6D}.Release|Any CPU.Build.0 = Release|Any CPU
	EndGlobalSection
	GlobalSection(SolutionProperties) = preSolution
		HideSolutionNode = FALSE
	EndGlobalSection
	GlobalSection(NestedProjects) = preSolution
		{3AE2EDB7-A231-4104-B1D0-C7678216120F} = {02EA681E-C7D8-13C7-8484-4AC65E1B71E8}
		{507CB488-93A6-426E-9FC4-7E45AFC36C5F} = {83D28941-A3BB-420C-BDED-20312AAB0BFB}
		{3BEA5974-7517-4EE9-9720-5743A8BF77C6} = {580379D8-5D23-4D4D-9C9E-35698320AA3C}
		{16AAE3EE-B83D-4D07-90C8-758E978CBCC2} = {5CD0119A-4D55-42E4-9DEB-21218B852E42}
		{8FFA23E7-46C9-40D3-889A-847FC5333984} = {252D4DE5-3D2D-47DC-8143-223EDD386F8A}
		{BD3811DF-D669-47A9-B07A-16081C9CE6FA} = {252D4DE5-3D2D-47DC-8143-223EDD386F8A}
		{CA53B977-808A-46F5-9F80-85404BEEF0D1} = {252D4DE5-3D2D-47DC-8143-223EDD386F8A}
		{333B8339-9394-4387-B6DF-4D0C89641B6D} = {252D4DE5-3D2D-47DC-8143-223EDD386F8A}
	EndGlobalSection
	GlobalSection(ExtensibilityGlobals) = postSolution
		SolutionGuid = {28C6C448-ED87-4E9B-B7CA-3166E12E34C6}
	EndGlobalSection
EndGlobal
